
Microsoft Visual Studio Solution File, Format Version 12.00
# Visual Studio 15
VisualStudioVersion = 15.0.28307.489
MinimumVisualStudioVersion = 10.0.40219.1
Project("{FAE04EC0-301F-11D3-BF4B-00C04F79EFBC}") = "RazorPagesMovie", "RazorPagesMovie\RazorPagesMovie.csproj", "{1DF51482-8CBE-452C-99FA-10893141ACFE}"
EndProject
Global
	GlobalSection(SolutionConfigurationPlatforms) = preSolution
		Debug|Any CPU = Debug|Any CPU
		Release|Any CPU = Release|Any CPU
	EndGlobalSection
	GlobalSection(ProjectConfigurationPlatforms) = postSolution
		{1DF51482-8CBE-452C-99FA-10893141ACFE}.Debug|Any CPU.ActiveCfg = Debug|Any CPU
		{1DF51482-8CBE-452C-99FA-10893141ACFE}.Debug|Any CPU.Build.0 = Debug|Any CPU
		{1DF51482-8CBE-452C-99FA-10893141ACFE}.Release|Any CPU.ActiveCfg = Release|Any CPU
		{1DF51482-8CBE-452C-99FA-10893141ACFE}.Release|Any CPU.Build.0 = Release|Any CPU
	EndGlobalSection
	GlobalSection(SolutionProperties) = preSolution
		HideSolutionNode = FALSE
	EndGlobalSection
	GlobalSection(ExtensibilityGlobals) = postSolution
		SolutionGuid = {C94C24E2-E4D2-45ED-9988-7FAF806F5EE8}
	EndGlobalSection
EndGlobal
